
Microsoft Visual Studio Solution File, Format Version 12.00
# Visual Studio 14
VisualStudioVersion = 14.0.25420.1
MinimumVisualStudioVersion = 10.0.40219.1
Project("{FAE04EC0-301F-11D3-BF4B-00C04F79EFBC}") = "Mvc.BondApp", "Mvc.BondApp\Mvc.BondApp.csproj", "{B9DD000F-DAA5-4DB4-9D72-34FF0A31F1DC}"
EndProject
Project("{FAE04EC0-301F-11D3-BF4B-00C04F79EFBC}") = "WebApplication2", "WebApplication2\WebApplication2.csproj", "{A4323338-B21E-4991-AAB0-C411306BC122}"
EndProject
Project("{FAE04EC0-301F-11D3-BF4B-00C04F79EFBC}") = "ReversePOCO", "ReversePOCO\ReversePOCO.csproj", "{92E23226-EDE0-4801-A753-A722A78D69A0}"
EndProject
Global
	GlobalSection(SolutionConfigurationPlatforms) = preSolution
		Debug|Any CPU = Debug|Any CPU
		Release|Any CPU = Release|Any CPU
	EndGlobalSection
	GlobalSection(ProjectConfigurationPlatforms) = postSolution
		{B9DD000F-DAA5-4DB4-9D72-34FF0A31F1DC}.Debug|Any CPU.ActiveCfg = Debug|Any CPU
		{B9DD000F-DAA5-4DB4-9D72-34FF0A31F1DC}.Debug|Any CPU.Build.0 = Debug|Any CPU
		{B9DD000F-DAA5-4DB4-9D72-34FF0A31F1DC}.Release|Any CPU.ActiveCfg = Release|Any CPU
		{B9DD000F-DAA5-4DB4-9D72-34FF0A31F1DC}.Release|Any CPU.Build.0 = Release|Any CPU
		{A4323338-B21E-4991-AAB0-C411306BC122}.Debug|Any CPU.ActiveCfg = Debug|Any CPU
		{A4323338-B21E-4991-AAB0-C411306BC122}.Debug|Any CPU.Build.0 = Debug|Any CPU
		{A4323338-B21E-4991-AAB0-C411306BC122}.Release|Any CPU.ActiveCfg = Release|Any CPU
		{A4323338-B21E-4991-AAB0-C411306BC122}.Release|Any CPU.Build.0 = Release|Any CPU
		{92E23226-EDE0-4801-A753-A722A78D69A0}.Debug|Any CPU.ActiveCfg = Debug|Any CPU
		{92E23226-EDE0-4801-A753-A722A78D69A0}.Debug|Any CPU.Build.0 = Debug|Any CPU
		{92E23226-EDE0-4801-A753-A722A78D69A0}.Release|Any CPU.ActiveCfg = Release|Any CPU
		{92E23226-EDE0-4801-A753-A722A78D69A0}.Release|Any CPU.Build.0 = Release|Any CPU
	EndGlobalSection
	GlobalSection(SolutionProperties) = preSolution
		HideSolutionNode = FALSE
	EndGlobalSection
EndGlobal
